
Microsoft Visual Studio Solution File, Format Version 12.00
# Visual Studio Version 17
VisualStudioVersion = 17.1.32210.238
MinimumVisualStudioVersion = 10.0.40219.1
Project("{9A19103F-16F7-4668-BE54-9A1E7A4F7556}") = "easy-mail-discussion-web", "easy-mail-discussion-web\easy-mail-discussion-web.csproj", "{B1B990C4-9A41-48A1-8398-5E378D213E9C}"
EndProject
Project("{9A19103F-16F7-4668-BE54-9A1E7A4F7556}") = "easy-mail-discussion-cli", "easy-mail-discussion-cli\easy-mail-discussion-cli.csproj", "{60FE89BC-C0ED-474F-AD77-D7A16038156B}"
EndProject
Project("{FAE04EC0-301F-11D3-BF4B-00C04F79EFBC}") = "easy-mail-discussion-common", "easy-mail-discussion-common\easy-mail-discussion-common.csproj", "{459F0277-18A6-477B-874C-0EAF66EF16EA}"
EndProject
Global
	GlobalSection(SolutionConfigurationPlatforms) = preSolution
		Debug|Any CPU = Debug|Any CPU
		Release|Any CPU = Release|Any CPU
	EndGlobalSection
	GlobalSection(ProjectConfigurationPlatforms) = postSolution
		{B1B990C4-9A41-48A1-8398-5E378D213E9C}.Debug|Any CPU.ActiveCfg = Debug|Any CPU
		{B1B990C4-9A41-48A1-8398-5E378D213E9C}.Debug|Any CPU.Build.0 = Debug|Any CPU
		{B1B990C4-9A41-48A1-8398-5E378D213E9C}.Release|Any CPU.ActiveCfg = Release|Any CPU
		{B1B990C4-9A41-48A1-8398-5E378D213E9C}.Release|Any CPU.Build.0 = Release|Any CPU
		{60FE89BC-C0ED-474F-AD77-D7A16038156B}.Debug|Any CPU.ActiveCfg = Debug|Any CPU
		{60FE89BC-C0ED-474F-AD77-D7A16038156B}.Debug|Any CPU.Build.0 = Debug|Any CPU
		{60FE89BC-C0ED-474F-AD77-D7A16038156B}.Release|Any CPU.ActiveCfg = Release|Any CPU
		{60FE89BC-C0ED-474F-AD77-D7A16038156B}.Release|Any CPU.Build.0 = Release|Any CPU
		{459F0277-18A6-477B-874C-0EAF66EF16EA}.Debug|Any CPU.ActiveCfg = Debug|Any CPU
		{459F0277-18A6-477B-874C-0EAF66EF16EA}.Debug|Any CPU.Build.0 = Debug|Any CPU
		{459F0277-18A6-477B-874C-0EAF66EF16EA}.Release|Any CPU.ActiveCfg = Release|Any CPU
		{459F0277-18A6-477B-874C-0EAF66EF16EA}.Release|Any CPU.Build.0 = Release|Any CPU
	EndGlobalSection
	GlobalSection(SolutionProperties) = preSolution
		HideSolutionNode = FALSE
	EndGlobalSection
	GlobalSection(ExtensibilityGlobals) = postSolution
		SolutionGuid = {70D57210-A88A-4A83-B04E-8916DC6829C5}
	EndGlobalSection
EndGlobal
